#MicroXplorer Configuration settings - do not modify
ADC.Channel=ADC_CHANNEL_4
ADC.ClockPrescaler=ADC_CLOCK_SYNC_PCLK_DIV2
ADC.ContinuousConvMode=DISABLE
ADC.DMAContinuousRequests=DISABLE
ADC.DataAlign=ADC_DATAALIGN_RIGHT
ADC.DiscontinuousConvMode=ENABLE
ADC.EOCSelection=ADC_EOC_SINGLE_CONV
ADC.EnableAnalogWatchDog=false
ADC.ExternalTrigConv=ADC_SOFTWARE_START
ADC.ExternalTrigConvEdge=ADC_EXTERNALTRIGCONVEDGE_NONE
ADC.IPParameters=LowPowerAutoOff,Channel,SamplingTime,EOCSelection,ClockPrescaler,Resolution,DataAlign,ScanConvMode,ContinuousConvMode,DiscontinuousConvMode,DMAContinuousRequests,Overrun,LowPowerAutoWait,LowPowerFrequencyMode,LowPowerAutoPowerOff,OversamplingMode,ExternalTrigConvEdge,EnableAnalogWatchDog,ExternalTrigConv
ADC.LowPowerAutoOff=ENABLE
ADC.LowPowerAutoPowerOff=DISABLE
ADC.LowPowerAutoWait=DISABLE
ADC.LowPowerFrequencyMode=DISABLE
ADC.Overrun=ADC_OVR_DATA_PRESERVED
ADC.OversamplingMode=DISABLE
ADC.Resolution=ADC_RESOLUTION_12B
ADC.SamplingTime=ADC_SAMPLETIME_3CYCLES_5
ADC.ScanConvMode=ADC_SCAN_DIRECTION_FORWARD
File.Version=6
KeepUserPlacement=true
LCD.Contrast-Static=LCD_CONTRASTLEVEL_3
LCD.DeadTime-Static=LCD_DEADTIME_4
LCD.IPParameters=Contrast-Static,DeadTime-Static,Prescaler-Static,PulseOnDuration-Static
LCD.Prescaler-Static=LCD_PRESCALER_4
LCD.PulseOnDuration-Static=LCD_PULSEONDURATION_7
Mcu.Family=STM32L0
Mcu.IP0=ADC
Mcu.IP1=LCD
Mcu.IP2=NVIC
Mcu.IP3=RCC
Mcu.IP4=RTC
Mcu.IP5=SYS
Mcu.IPNb=6
Mcu.Name=STM32L053C(6-8)Tx
Mcu.Package=LQFP48
Mcu.Pin0=PA1
Mcu.Pin1=PA2
Mcu.Pin10=PB12
Mcu.Pin11=PB13
Mcu.Pin12=PB14
Mcu.Pin13=PB15
Mcu.Pin14=PA8
Mcu.Pin15=PA13
Mcu.Pin16=PA14
Mcu.Pin17=PB3
Mcu.Pin18=PB4
Mcu.Pin19=PB5
Mcu.Pin2=PA3
Mcu.Pin20=PB8
Mcu.Pin21=VP_ADC_Vref_Input
Mcu.Pin22=VP_RTC_VS_RTC_Activate
Mcu.Pin23=VP_RTC_VS_RTC_Calendar
Mcu.Pin24=VP_RTC_VS_RTC_WakeUp_intern
Mcu.Pin25=VP_SYS_VS_Systick
Mcu.Pin3=PA4
Mcu.Pin4=PA6
Mcu.Pin5=PA7
Mcu.Pin6=PB0
Mcu.Pin7=PB1
Mcu.Pin8=PB10
Mcu.Pin9=PB11
Mcu.PinsNb=26
Mcu.UserConstants=
Mcu.UserName=STM32L053C8Tx
MxCube.Version=4.23.0
MxDb.Version=DB.4.0.230
NVIC.ADC1_COMP_IRQn=true\:0\:0\:false\:false\:true\:true
NVIC.HardFault_IRQn=true\:0\:0\:false\:false\:false\:true
NVIC.LCD_IRQn=true\:3\:0\:true\:false\:true\:true
NVIC.NonMaskableInt_IRQn=true\:0\:0\:false\:false\:false\:true
NVIC.PendSV_IRQn=true\:0\:0\:false\:false\:false\:true
NVIC.RTC_IRQn=true\:0\:0\:false\:false\:true\:true
NVIC.SVC_IRQn=true\:0\:0\:false\:false\:false\:true
NVIC.SysTick_IRQn=true\:0\:0\:false\:false\:true\:true
PA1.GPIOParameters=GPIO_PuPd,GPIO_Label,GPIO_Mode
PA1.GPIO_Label=Battery
PA1.GPIO_Mode=GPIO_MODE_ANALOG
PA1.GPIO_PuPd=GPIO_NOPULL
PA1.Mode=IN1
PA1.Signal=ADC_IN1
PA13.Locked=true
PA13.Mode=Serial_Wire
PA13.Signal=SYS_SWDIO
PA14.Mode=Serial_Wire
PA14.Signal=SYS_SWCLK
PA2.Locked=true
PA2.Mode=SEG1
PA2.Signal=LCD_SEG1
PA3.Locked=true
PA3.Mode=SEG2
PA3.Signal=LCD_SEG2
PA4.GPIOParameters=GPIO_PuPd,GPIO_Label,GPIO_Mode
PA4.GPIO_Label=NTC2
PA4.GPIO_Mode=GPIO_MODE_ANALOG
PA4.GPIO_PuPd=GPIO_NOPULL
PA4.Locked=true
PA4.Mode=IN4
PA4.Signal=ADC_IN4
PA6.Locked=true
PA6.Mode=SEG3
PA6.Signal=LCD_SEG3
PA7.Locked=true
PA7.Mode=SEG4
PA7.Signal=LCD_SEG4
PA8.Locked=true
PA8.Mode=Static
PA8.Signal=LCD_COM0
PB0.Locked=true
PB0.Mode=SEG5
PB0.Signal=LCD_SEG5
PB1.Locked=true
PB1.Mode=SEG6
PB1.Signal=LCD_SEG6
PB10.Locked=true
PB10.Mode=SEG10
PB10.Signal=LCD_SEG10
PB11.Locked=true
PB11.Mode=SEG11
PB11.Signal=LCD_SEG11
PB12.Locked=true
PB12.Mode=SEG12
PB12.Signal=LCD_SEG12
PB13.Locked=true
PB13.Mode=SEG13
PB13.Signal=LCD_SEG13
PB14.Locked=true
PB14.Mode=SEG14
PB14.Signal=LCD_SEG14
PB15.Locked=true
PB15.Mode=SEG15
PB15.Signal=LCD_SEG15
PB3.Locked=true
PB3.Mode=SEG7
PB3.Signal=LCD_SEG7
PB4.Locked=true
PB4.Mode=SEG8
PB4.Signal=LCD_SEG8
PB5.Locked=true
PB5.Mode=SEG9
PB5.Signal=LCD_SEG9
PB8.GPIOParameters=GPIO_Speed,GPIO_PuPd,GPIO_Label,GPIO_ModeDefaultOutputPP
PB8.GPIO_Label=EnNTC
PB8.GPIO_ModeDefaultOutputPP=GPIO_MODE_OUTPUT_PP
PB8.GPIO_PuPd=GPIO_PULLDOWN
PB8.GPIO_Speed=GPIO_SPEED_FREQ_LOW
PB8.Locked=true
PB8.Signal=GPIO_Output
PCC.Battery=Panasonic BR-1/2AA
PCC.Battery.Capacity=1000.0
PCC.Battery.Compatibility=Yes
PCC.Battery.InParallel=1
PCC.Battery.InSeries=1
PCC.Battery.MaxContinuous=2.5
PCC.Battery.MaxPulseCurrent=0.0
PCC.Battery.NominalVoltage=3.0
PCC.Battery.SelfDischarge=0.0
PCC.Checker=true
PCC.Line=STM32L0x3
PCC.MCU=STM32L053C(6-8)Tx
PCC.PartNumber=STM32L053C8Tx
PCC.Seq0=2
PCC.Seq0.Step0.Average_Current=1.74 mA
PCC.Seq0.Step0.CPU_Frequency=8.0 MHz
PCC.Seq0.Step0.Category=In DS Table
PCC.Seq0.Step0.DMIPS=7.6
PCC.Seq0.Step0.Duration=10 ms
PCC.Seq0.Step0.Frequency=8.0 MHz
PCC.Seq0.Step0.Memory=FLASH
PCC.Seq0.Step0.Mode=RUN
PCC.Seq0.Step0.Oscillator=HSEBYP
PCC.Seq0.Step0.Peripherals=ADC GPIOA GPIOB LCD RTC USART1
PCC.Seq0.Step0.TaMax=104.71
PCC.Seq0.Step0.User's_Consumption=30 \u00B5A
PCC.Seq0.Step0.Vcore=Range2-Medium
PCC.Seq0.Step0.Vdd=3.0
PCC.Seq0.Step0.Voltage_Source=Battery
PCC.Seq0.Step1.Average_Current=32.04 \u00B5A
PCC.Seq0.Step1.CPU_Frequency=0 Hz
PCC.Seq0.Step1.Category=In DS Table
PCC.Seq0.Step1.DMIPS=0.0
PCC.Seq0.Step1.Duration=30 s
PCC.Seq0.Step1.Frequency=0 Hz
PCC.Seq0.Step1.Memory=n/a
PCC.Seq0.Step1.Mode=STOP
PCC.Seq0.Step1.Oscillator=ALL CLOCKS OFF
PCC.Seq0.Step1.Peripherals=LCD\:Static_duty RTC
PCC.Seq0.Step1.TaMax=104.99
PCC.Seq0.Step1.User's_Consumption=31 \u00B5A
PCC.Seq0.Step1.Vcore=NoRange
PCC.Seq0.Step1.Vdd=3.0
PCC.Seq0.Step1.Voltage_Source=Battery
PCC.Series=STM32L0
PCC.Temperature=25
PCC.Vdd=3.0
PinOutPanel.RotationAngle=0
ProjectManager.AskForMigrate=true
ProjectManager.BackupPrevious=true
ProjectManager.CompilerOptimize=2
ProjectManager.ComputerToolchain=false
ProjectManager.CoupleFile=true
ProjectManager.CustomerFirmwarePackage=C\:/Users/econtiero/STM32Cube/Repository/STM32Cube_FW_L0_V1.10.0
ProjectManager.DefaultFWLocation=true
ProjectManager.DeletePrevious=true
ProjectManager.DeviceId=STM32L053C8Tx
ProjectManager.FirmwarePackage=STM32Cube FW_L0 V1.10.0
ProjectManager.FreePins=true
ProjectManager.HalAssertFull=true
ProjectManager.HeapSize=0x200
ProjectManager.KeepUserCode=true
ProjectManager.LastFirmware=true
ProjectManager.LibraryCopy=0
ProjectManager.PreviousToolchain=
ProjectManager.ProjectBuild=false
ProjectManager.ProjectFileName=TM20.ioc
ProjectManager.ProjectName=TM20
ProjectManager.StackSize=0x400
ProjectManager.TargetToolchain=MDK-ARM V5
ProjectManager.ToolChainLocation=E\:\\PRJ_STmicro\\TM20
ProjectManager.UnderRoot=false
ProjectManager.functionlistsort=1-MX_GPIO_Init-GPIO-false-HAL,2-SystemClock_Config-RCC-false-HAL,3-MX_ADC_Init-ADC-false-HAL,4-MX_LCD_Init-LCD-false-HAL,5-MX_RTC_Init-RTC-false-HAL
RCC.48CLKFreq_Value=24000000
RCC.48RNGFreq_Value=24000000
RCC.48USBFreq_Value=24000000
RCC.ADCFreq_Value=16000000
RCC.AHBCLKDivider=RCC_SYSCLK_DIV8
RCC.AHBFreq_Value=2000000
RCC.APB1Freq_Value=2000000
RCC.APB1TimFreq_Value=2000000
RCC.APB2Freq_Value=2000000
RCC.APB2TimFreq_Value=2000000
RCC.FCLKCortexFreq_Value=2000000
RCC.FamilyName=M
RCC.HCLKFreq_Value=2000000
RCC.HSE_VALUE=8000000
RCC.HSI16_VALUE=16000000
RCC.HSI48_VALUE=48000000
RCC.HSI_VALUE=16000000
RCC.I2C1Freq_Value=2000000
RCC.IPParameters=48CLKFreq_Value,48RNGFreq_Value,48USBFreq_Value,ADCFreq_Value,AHBCLKDivider,AHBFreq_Value,APB1Freq_Value,APB1TimFreq_Value,APB2Freq_Value,APB2TimFreq_Value,FCLKCortexFreq_Value,FamilyName,HCLKFreq_Value,HSE_VALUE,HSI16_VALUE,HSI48_VALUE,HSI_VALUE,I2C1Freq_Value,LCDFreq_Value,LPTIMFreq_Value,LPUARTFreq_Value,LSE_VALUE,LSI_VALUE,MCOPinFreq_Value,MSIClockRange,MSI_VALUE,PLLCLKFreq_Value,PWRFreq_Value,RTCFreq_Value,RTCHSEDivFreq_Value,SYSCLKFreq_VALUE,SYSCLKSource,TIMFreq_Value,TimerFreq_Value,USART1Freq_Value,USART2Freq_Value,VCOInputFreq_Value,VCOOutputFreq_Value,VDD_VALUE,WatchDogFreq_Value
RCC.LCDFreq_Value=37000
RCC.LPTIMFreq_Value=2000000
RCC.LPUARTFreq_Value=2000000
RCC.LSE_VALUE=32768
RCC.LSI_VALUE=37000
RCC.MCOPinFreq_Value=16000000
RCC.MSIClockRange=RCC_MSIRANGE_6
RCC.MSI_VALUE=4194000
RCC.PLLCLKFreq_Value=24000000
RCC.PWRFreq_Value=16000000
RCC.RTCFreq_Value=37000
RCC.RTCHSEDivFreq_Value=4000000
RCC.SYSCLKFreq_VALUE=16000000
RCC.SYSCLKSource=RCC_SYSCLKSOURCE_HSI
RCC.TIMFreq_Value=2000000
RCC.TimerFreq_Value=2000000
RCC.USART1Freq_Value=2000000
RCC.USART2Freq_Value=2000000
RCC.VCOInputFreq_Value=16000000
RCC.VCOOutputFreq_Value=48000000
RCC.VDD_VALUE=3
RCC.WatchDogFreq_Value=37000
RTC.IPParameters=WakeUpClock,WakeUpCounter,WakeUpCounter-WakeUp
RTC.WakeUpClock=RTC_WAKEUPCLOCK_CK_SPRE_16BITS
RTC.WakeUpCounter=10
RTC.WakeUpCounter-WakeUp=30
VP_ADC_Vref_Input.Mode=IN-Vrefint
VP_ADC_Vref_Input.Signal=ADC_Vref_Input
VP_RTC_VS_RTC_Activate.Mode=RTC_Enabled
VP_RTC_VS_RTC_Activate.Signal=RTC_VS_RTC_Activate
VP_RTC_VS_RTC_Calendar.Mode=RTC_Calendar
VP_RTC_VS_RTC_Calendar.Signal=RTC_VS_RTC_Calendar
VP_RTC_VS_RTC_WakeUp_intern.Mode=WakeUp
VP_RTC_VS_RTC_WakeUp_intern.Signal=RTC_VS_RTC_WakeUp_intern
VP_SYS_VS_Systick.Mode=SysTick
VP_SYS_VS_Systick.Signal=SYS_VS_Systick
board=TM20
